
Microsoft Visual Studio Solution File, Format Version 12.00
# Visual Studio 15
VisualStudioVersion = 15.0.28307.136
MinimumVisualStudioVersion = 10.0.40219.1
Project("{FAE04EC0-301F-11D3-BF4B-00C04F79EFBC}") = "GDPRTEST", "GDPRTEST\GDPRTEST.csproj", "{14680C2D-699E-4142-8747-ADA9B78AE194}"
EndProject
Project("{FAE04EC0-301F-11D3-BF4B-00C04F79EFBC}") = "CrossPlatformGDPRTest", "CrossPlatformGDPRTest\CrossPlatformGDPRTest.csproj", "{3C319331-3430-4836-B008-81A7D8B96D7F}"
EndProject
Global
	GlobalSection(SolutionConfigurationPlatforms) = preSolution
		Debug|Any CPU = Debug|Any CPU
		Release|Any CPU = Release|Any CPU
	EndGlobalSection
	GlobalSection(ProjectConfigurationPlatforms) = postSolution
		{14680C2D-699E-4142-8747-ADA9B78AE194}.Debug|Any CPU.ActiveCfg = Debug|Any CPU
		{14680C2D-699E-4142-8747-ADA9B78AE194}.Debug|Any CPU.Build.0 = Debug|Any CPU
		{14680C2D-699E-4142-8747-ADA9B78AE194}.Release|Any CPU.ActiveCfg = Release|Any CPU
		{14680C2D-699E-4142-8747-ADA9B78AE194}.Release|Any CPU.Build.0 = Release|Any CPU
		{3C319331-3430-4836-B008-81A7D8B96D7F}.Debug|Any CPU.ActiveCfg = Debug|Any CPU
		{3C319331-3430-4836-B008-81A7D8B96D7F}.Debug|Any CPU.Build.0 = Debug|Any CPU
		{3C319331-3430-4836-B008-81A7D8B96D7F}.Release|Any CPU.ActiveCfg = Release|Any CPU
		{3C319331-3430-4836-B008-81A7D8B96D7F}.Release|Any CPU.Build.0 = Release|Any CPU
	EndGlobalSection
	GlobalSection(SolutionProperties) = preSolution
		HideSolutionNode = FALSE
	EndGlobalSection
	GlobalSection(ExtensibilityGlobals) = postSolution
		SolutionGuid = {686A9B01-EE66-4E09-BA50-0448F414BFB0}
	EndGlobalSection
EndGlobal
